
Microsoft Visual Studio Solution File, Format Version 12.00
# Visual Studio Version 16
VisualStudioVersion = 16.0.30225.117
MinimumVisualStudioVersion = 10.0.40219.1
Project("{FAE04EC0-301F-11D3-BF4B-00C04F79EFBC}") = "salesCVM", "salesCVM\salesCVM.csproj", "{6CA2AB16-0AF3-4DD6-AA4D-BBED6FED90C5}"
EndProject
Project("{FAE04EC0-301F-11D3-BF4B-00C04F79EFBC}") = "salesCVM.Models", "salesCVM.Models\salesCVM.Models.csproj", "{CE169467-E921-49F0-A480-6E7F12D7501A}"
EndProject
Project("{FAE04EC0-301F-11D3-BF4B-00C04F79EFBC}") = "salesCVM.DAO", "salesCVM.DAO\salesCVM.DAO.csproj", "{2DAFBC09-60BE-47DA-A1B8-3316A5A1C1D6}"
EndProject
Project("{FAE04EC0-301F-11D3-BF4B-00C04F79EFBC}") = "salesCVM.Token", "salesCVM.Token\salesCVM.Token.csproj", "{118AEBA4-E825-44D0-901A-33AE1073DA1C}"
EndProject
Project("{FAE04EC0-301F-11D3-BF4B-00C04F79EFBC}") = "salesCVM.Utilities", "salesCVM.Utilities\salesCVM.Utilities.csproj", "{84433BDF-9AE6-41D1-BC8A-CFF69CF14322}"
EndProject
Project("{FAE04EC0-301F-11D3-BF4B-00C04F79EFBC}") = "salesCVM.SAP", "salesCVM.SAP\salesCVM.SAP.csproj", "{DD6BAE54-0AE6-46BF-82CD-531396FED9C1}"
EndProject
Global
	GlobalSection(SolutionConfigurationPlatforms) = preSolution
		Debug|Any CPU = Debug|Any CPU
		Debug|x64 = Debug|x64
		Debug|x86 = Debug|x86
		Release|Any CPU = Release|Any CPU
		Release|x64 = Release|x64
		Release|x86 = Release|x86
	EndGlobalSection
	GlobalSection(ProjectConfigurationPlatforms) = postSolution
		{6CA2AB16-0AF3-4DD6-AA4D-BBED6FED90C5}.Debug|Any CPU.ActiveCfg = Debug|Any CPU
		{6CA2AB16-0AF3-4DD6-AA4D-BBED6FED90C5}.Debug|Any CPU.Build.0 = Debug|Any CPU
		{6CA2AB16-0AF3-4DD6-AA4D-BBED6FED90C5}.Debug|x64.ActiveCfg = Debug|Any CPU
		{6CA2AB16-0AF3-4DD6-AA4D-BBED6FED90C5}.Debug|x64.Build.0 = Debug|Any CPU
		{6CA2AB16-0AF3-4DD6-AA4D-BBED6FED90C5}.Debug|x86.ActiveCfg = Debug|x86
		{6CA2AB16-0AF3-4DD6-AA4D-BBED6FED90C5}.Debug|x86.Build.0 = Debug|x86
		{6CA2AB16-0AF3-4DD6-AA4D-BBED6FED90C5}.Release|Any CPU.ActiveCfg = Release|Any CPU
		{6CA2AB16-0AF3-4DD6-AA4D-BBED6FED90C5}.Release|Any CPU.Build.0 = Release|Any CPU
		{6CA2AB16-0AF3-4DD6-AA4D-BBED6FED90C5}.Release|x64.ActiveCfg = Release|x64
		{6CA2AB16-0AF3-4DD6-AA4D-BBED6FED90C5}.Release|x64.Build.0 = Release|x64
		{6CA2AB16-0AF3-4DD6-AA4D-BBED6FED90C5}.Release|x86.ActiveCfg = Release|x86
		{6CA2AB16-0AF3-4DD6-AA4D-BBED6FED90C5}.Release|x86.Build.0 = Release|x86
		{CE169467-E921-49F0-A480-6E7F12D7501A}.Debug|Any CPU.ActiveCfg = Debug|Any CPU
		{CE169467-E921-49F0-A480-6E7F12D7501A}.Debug|Any CPU.Build.0 = Debug|Any CPU
		{CE169467-E921-49F0-A480-6E7F12D7501A}.Debug|x64.ActiveCfg = Debug|Any CPU
		{CE169467-E921-49F0-A480-6E7F12D7501A}.Debug|x64.Build.0 = Debug|Any CPU
		{CE169467-E921-49F0-A480-6E7F12D7501A}.Debug|x86.ActiveCfg = Debug|x86
		{CE169467-E921-49F0-A480-6E7F12D7501A}.Debug|x86.Build.0 = Debug|x86
		{CE169467-E921-49F0-A480-6E7F12D7501A}.Release|Any CPU.ActiveCfg = Release|Any CPU
		{CE169467-E921-49F0-A480-6E7F12D7501A}.Release|Any CPU.Build.0 = Release|Any CPU
		{CE169467-E921-49F0-A480-6E7F12D7501A}.Release|x64.ActiveCfg = Release|x64
		{CE169467-E921-49F0-A480-6E7F12D7501A}.Release|x64.Build.0 = Release|x64
		{CE169467-E921-49F0-A480-6E7F12D7501A}.Release|x86.ActiveCfg = Release|x86
		{CE169467-E921-49F0-A480-6E7F12D7501A}.Release|x86.Build.0 = Release|x86
		{2DAFBC09-60BE-47DA-A1B8-3316A5A1C1D6}.Debug|Any CPU.ActiveCfg = Debug|Any CPU
		{2DAFBC09-60BE-47DA-A1B8-3316A5A1C1D6}.Debug|Any CPU.Build.0 = Debug|Any CPU
		{2DAFBC09-60BE-47DA-A1B8-3316A5A1C1D6}.Debug|x64.ActiveCfg = Debug|Any CPU
		{2DAFBC09-60BE-47DA-A1B8-3316A5A1C1D6}.Debug|x64.Build.0 = Debug|Any CPU
		{2DAFBC09-60BE-47DA-A1B8-3316A5A1C1D6}.Debug|x86.ActiveCfg = Debug|x86
		{2DAFBC09-60BE-47DA-A1B8-3316A5A1C1D6}.Debug|x86.Build.0 = Debug|x86
		{2DAFBC09-60BE-47DA-A1B8-3316A5A1C1D6}.Release|Any CPU.ActiveCfg = Release|Any CPU
		{2DAFBC09-60BE-47DA-A1B8-3316A5A1C1D6}.Release|Any CPU.Build.0 = Release|Any CPU
		{2DAFBC09-60BE-47DA-A1B8-3316A5A1C1D6}.Release|x64.ActiveCfg = Release|x64
		{2DAFBC09-60BE-47DA-A1B8-3316A5A1C1D6}.Release|x64.Build.0 = Release|x64
		{2DAFBC09-60BE-47DA-A1B8-3316A5A1C1D6}.Release|x86.ActiveCfg = Release|x86
		{2DAFBC09-60BE-47DA-A1B8-3316A5A1C1D6}.Release|x86.Build.0 = Release|x86
		{118AEBA4-E825-44D0-901A-33AE1073DA1C}.Debug|Any CPU.ActiveCfg = Debug|Any CPU
		{118AEBA4-E825-44D0-901A-33AE1073DA1C}.Debug|Any CPU.Build.0 = Debug|Any CPU
		{118AEBA4-E825-44D0-901A-33AE1073DA1C}.Debug|x64.ActiveCfg = Debug|Any CPU
		{118AEBA4-E825-44D0-901A-33AE1073DA1C}.Debug|x64.Build.0 = Debug|Any CPU
		{118AEBA4-E825-44D0-901A-33AE1073DA1C}.Debug|x86.ActiveCfg = Debug|x86
		{118AEBA4-E825-44D0-901A-33AE1073DA1C}.Debug|x86.Build.0 = Debug|x86
		{118AEBA4-E825-44D0-901A-33AE1073DA1C}.Release|Any CPU.ActiveCfg = Release|Any CPU
		{118AEBA4-E825-44D0-901A-33AE1073DA1C}.Release|Any CPU.Build.0 = Release|Any CPU
		{118AEBA4-E825-44D0-901A-33AE1073DA1C}.Release|x64.ActiveCfg = Release|x64
		{118AEBA4-E825-44D0-901A-33AE1073DA1C}.Release|x64.Build.0 = Release|x64
		{118AEBA4-E825-44D0-901A-33AE1073DA1C}.Release|x86.ActiveCfg = Release|x86
		{118AEBA4-E825-44D0-901A-33AE1073DA1C}.Release|x86.Build.0 = Release|x86
		{84433BDF-9AE6-41D1-BC8A-CFF69CF14322}.Debug|Any CPU.ActiveCfg = Debug|Any CPU
		{84433BDF-9AE6-41D1-BC8A-CFF69CF14322}.Debug|Any CPU.Build.0 = Debug|Any CPU
		{84433BDF-9AE6-41D1-BC8A-CFF69CF14322}.Debug|x64.ActiveCfg = Debug|Any CPU
		{84433BDF-9AE6-41D1-BC8A-CFF69CF14322}.Debug|x64.Build.0 = Debug|Any CPU
		{84433BDF-9AE6-41D1-BC8A-CFF69CF14322}.Debug|x86.ActiveCfg = Debug|x86
		{84433BDF-9AE6-41D1-BC8A-CFF69CF14322}.Debug|x86.Build.0 = Debug|x86
		{84433BDF-9AE6-41D1-BC8A-CFF69CF14322}.Release|Any CPU.ActiveCfg = Release|Any CPU
		{84433BDF-9AE6-41D1-BC8A-CFF69CF14322}.Release|Any CPU.Build.0 = Release|Any CPU
		{84433BDF-9AE6-41D1-BC8A-CFF69CF14322}.Release|x64.ActiveCfg = Release|x64
		{84433BDF-9AE6-41D1-BC8A-CFF69CF14322}.Release|x64.Build.0 = Release|x64
		{84433BDF-9AE6-41D1-BC8A-CFF69CF14322}.Release|x86.ActiveCfg = Release|x86
		{84433BDF-9AE6-41D1-BC8A-CFF69CF14322}.Release|x86.Build.0 = Release|x86
		{DD6BAE54-0AE6-46BF-82CD-531396FED9C1}.Debug|Any CPU.ActiveCfg = Debug|Any CPU
		{DD6BAE54-0AE6-46BF-82CD-531396FED9C1}.Debug|Any CPU.Build.0 = Debug|Any CPU
		{DD6BAE54-0AE6-46BF-82CD-531396FED9C1}.Debug|x64.ActiveCfg = Debug|Any CPU
		{DD6BAE54-0AE6-46BF-82CD-531396FED9C1}.Debug|x64.Build.0 = Debug|Any CPU
		{DD6BAE54-0AE6-46BF-82CD-531396FED9C1}.Debug|x86.ActiveCfg = Debug|Any CPU
		{DD6BAE54-0AE6-46BF-82CD-531396FED9C1}.Debug|x86.Build.0 = Debug|Any CPU
		{DD6BAE54-0AE6-46BF-82CD-531396FED9C1}.Release|Any CPU.ActiveCfg = Release|Any CPU
		{DD6BAE54-0AE6-46BF-82CD-531396FED9C1}.Release|Any CPU.Build.0 = Release|Any CPU
		{DD6BAE54-0AE6-46BF-82CD-531396FED9C1}.Release|x64.ActiveCfg = Release|Any CPU
		{DD6BAE54-0AE6-46BF-82CD-531396FED9C1}.Release|x64.Build.0 = Release|Any CPU
		{DD6BAE54-0AE6-46BF-82CD-531396FED9C1}.Release|x86.ActiveCfg = Release|x86
		{DD6BAE54-0AE6-46BF-82CD-531396FED9C1}.Release|x86.Build.0 = Release|x86
	EndGlobalSection
	GlobalSection(SolutionProperties) = preSolution
		HideSolutionNode = FALSE
	EndGlobalSection
	GlobalSection(ExtensibilityGlobals) = postSolution
		SolutionGuid = {772E9AA3-16C9-4F80-8A0E-15FF6607EC81}
	EndGlobalSection
EndGlobal
