
Microsoft Visual Studio Solution File, Format Version 12.00
# Visual Studio Version 16
VisualStudioVersion = 16.0.30225.117
MinimumVisualStudioVersion = 10.0.40219.1
Project("{FAE04EC0-301F-11D3-BF4B-00C04F79EFBC}") = "salesCVM", "salesCVM\salesCVM.csproj", "{6CA2AB16-0AF3-4DD6-AA4D-BBED6FED90C5}"
EndProject
Project("{FAE04EC0-301F-11D3-BF4B-00C04F79EFBC}") = "salesCVM.Token", "salesCVM.Token\salesCVM.Token.csproj", "{D5F279F6-7FBA-4660-B2F9-673EE9D9E9E5}"
EndProject
Project("{FAE04EC0-301F-11D3-BF4B-00C04F79EFBC}") = "salesCVM.DAO", "salesCVM.DAO\salesCVM.DAO.csproj", "{87369E46-3CDB-46E3-8B69-536691DBBCDF}"
EndProject
Project("{FAE04EC0-301F-11D3-BF4B-00C04F79EFBC}") = "salesCVM.Models", "salesCVM.Models\salesCVM.Models.csproj", "{2F1F8C77-3988-45E9-A858-672F3B51DCA9}"
EndProject
Project("{FAE04EC0-301F-11D3-BF4B-00C04F79EFBC}") = "salesCVM.Utilities", "salesCVM.Utilities\salesCVM.Utilities.csproj", "{C9A90E71-8578-4A9E-BA1D-CFEA0A3AC4A9}"
EndProject
Global
	GlobalSection(SolutionConfigurationPlatforms) = preSolution
		Debug|Any CPU = Debug|Any CPU
		Release|Any CPU = Release|Any CPU
	EndGlobalSection
	GlobalSection(ProjectConfigurationPlatforms) = postSolution
		{6CA2AB16-0AF3-4DD6-AA4D-BBED6FED90C5}.Debug|Any CPU.ActiveCfg = Debug|Any CPU
		{6CA2AB16-0AF3-4DD6-AA4D-BBED6FED90C5}.Debug|Any CPU.Build.0 = Debug|Any CPU
		{6CA2AB16-0AF3-4DD6-AA4D-BBED6FED90C5}.Release|Any CPU.ActiveCfg = Release|Any CPU
		{6CA2AB16-0AF3-4DD6-AA4D-BBED6FED90C5}.Release|Any CPU.Build.0 = Release|Any CPU
		{D5F279F6-7FBA-4660-B2F9-673EE9D9E9E5}.Debug|Any CPU.ActiveCfg = Debug|Any CPU
		{D5F279F6-7FBA-4660-B2F9-673EE9D9E9E5}.Debug|Any CPU.Build.0 = Debug|Any CPU
		{D5F279F6-7FBA-4660-B2F9-673EE9D9E9E5}.Release|Any CPU.ActiveCfg = Release|Any CPU
		{D5F279F6-7FBA-4660-B2F9-673EE9D9E9E5}.Release|Any CPU.Build.0 = Release|Any CPU
		{87369E46-3CDB-46E3-8B69-536691DBBCDF}.Debug|Any CPU.ActiveCfg = Debug|Any CPU
		{87369E46-3CDB-46E3-8B69-536691DBBCDF}.Debug|Any CPU.Build.0 = Debug|Any CPU
		{87369E46-3CDB-46E3-8B69-536691DBBCDF}.Release|Any CPU.ActiveCfg = Release|Any CPU
		{87369E46-3CDB-46E3-8B69-536691DBBCDF}.Release|Any CPU.Build.0 = Release|Any CPU
		{2F1F8C77-3988-45E9-A858-672F3B51DCA9}.Debug|Any CPU.ActiveCfg = Debug|Any CPU
		{2F1F8C77-3988-45E9-A858-672F3B51DCA9}.Debug|Any CPU.Build.0 = Debug|Any CPU
		{2F1F8C77-3988-45E9-A858-672F3B51DCA9}.Release|Any CPU.ActiveCfg = Release|Any CPU
		{2F1F8C77-3988-45E9-A858-672F3B51DCA9}.Release|Any CPU.Build.0 = Release|Any CPU
		{C9A90E71-8578-4A9E-BA1D-CFEA0A3AC4A9}.Debug|Any CPU.ActiveCfg = Debug|Any CPU
		{C9A90E71-8578-4A9E-BA1D-CFEA0A3AC4A9}.Debug|Any CPU.Build.0 = Debug|Any CPU
		{C9A90E71-8578-4A9E-BA1D-CFEA0A3AC4A9}.Release|Any CPU.ActiveCfg = Release|Any CPU
		{C9A90E71-8578-4A9E-BA1D-CFEA0A3AC4A9}.Release|Any CPU.Build.0 = Release|Any CPU
	EndGlobalSection
	GlobalSection(SolutionProperties) = preSolution
		HideSolutionNode = FALSE
	EndGlobalSection
	GlobalSection(ExtensibilityGlobals) = postSolution
		SolutionGuid = {772E9AA3-16C9-4F80-8A0E-15FF6607EC81}
	EndGlobalSection
EndGlobal
